// !$*UTF8*$!
{
	archiveVersion = 1;
	classes = {
	};
	objectVersion = 77;
	objects = {

/* Begin PBXBuildFile section */
		229C30638ED51778494C2CC0 /* SidebarView.swift in Sources */ = {isa = PBXBuildFile; fileRef = 18D72A7101CBA6994AA2E15C /* SidebarView.swift */; };
		29A33A17EAEC025966EF7758 /* SwiftOSC in Frameworks */ = {isa = PBXBuildFile; productRef = 386F1ABF3E764035834C53FA /* SwiftOSC */; };
		2EB74594CC6FE190F229F6D0 /* CameraPreviewView.swift in Sources */ = {isa = PBXBuildFile; fileRef = 051C58064F9637D16A9AA27E /* CameraPreviewView.swift */; };
		37B58A9B7521B082B677126F /* BonjourAdvertiser.swift in Sources */ = {isa = PBXBuildFile; fileRef = ABD5B4A62EF924964EBB0352 /* BonjourAdvertiser.swift */; };
		397757A852760C8CFE721156 /* FrameKind.swift in Sources */ = {isa = PBXBuildFile; fileRef = C8954ECD2A436996A593F3D9 /* FrameKind.swift */; };
		3A3FFA5C4FFD515251977823 /* ReceiverService.swift in Sources */ = {isa = PBXBuildFile; fileRef = 027F48AC580CFF2361DED0EB /* ReceiverService.swift */; };
		411264D42BAC1BEEAD1C3669 /* ControlBarView.swift in Sources */ = {isa = PBXBuildFile; fileRef = BC7BCDE43645D8FC61F8EE31 /* ControlBarView.swift */; };
		52F5D7BF2FE148C25C873638 /* PoseioscShared in Frameworks */ = {isa = PBXBuildFile; productRef = 45334233CB2B6A897E6B7FA2 /* PoseioscShared */; };
		5323907EAA861F2072CA3A52 /* SettingsStore.swift in Sources */ = {isa = PBXBuildFile; fileRef = EC1226052BD29F859D94C7DA /* SettingsStore.swift */; };
		5923DD25203E3631D4E39757 /* OverlayView.swift in Sources */ = {isa = PBXBuildFile; fileRef = 4C5DDFD8A815238592064481 /* OverlayView.swift */; };
		6509626CCCEBB6F63208E855 /* PoseioscShared in Frameworks */ = {isa = PBXBuildFile; productRef = D76851E7A7A0EE66C78DA123 /* PoseioscShared */; };
		6FF0C525252CE97526053799 /* ReceiverModel.swift in Sources */ = {isa = PBXBuildFile; fileRef = EAD896DA7A3B37A6A31A3B93 /* ReceiverModel.swift */; };
		7124FC5DD6416D979A9CB3A5 /* VisualizerView.swift in Sources */ = {isa = PBXBuildFile; fileRef = 4E80DC3CA255FCB01ED48A2A /* VisualizerView.swift */; };
		80AB005F908B39DAACA16DAD /* AppModel.swift in Sources */ = {isa = PBXBuildFile; fileRef = B5FB2579131864E3D94AE9B1 /* AppModel.swift */; };
		8AFCF5D8F4EEB30C214E2FF1 /* Assets.xcassets in Resources */ = {isa = PBXBuildFile; fileRef = 0851D9770115BCB066F17FC1 /* Assets.xcassets */; };
		8CE074223F9D626F9545DEE7 /* PoseioscSenderApp.swift in Sources */ = {isa = PBXBuildFile; fileRef = CF54E13A2A7AB35B56438B53 /* PoseioscSenderApp.swift */; };
		8E2960ABCF02F45868B6FEED /* OSCSenderService.swift in Sources */ = {isa = PBXBuildFile; fileRef = C79D48445FD556B7E157A655 /* OSCSenderService.swift */; };
		9E0901C5260DEEB35CEEB8C8 /* SwiftOSC in Frameworks */ = {isa = PBXBuildFile; productRef = 366E72A24DDEC84E31BF9590 /* SwiftOSC */; };
		A6F63E404285E20BFF53437F /* CameraManager.swift in Sources */ = {isa = PBXBuildFile; fileRef = 58ADC8773ECC0906EECF2330 /* CameraManager.swift */; };
		A6FF7C897CC7F66B8DF057AA /* FrameConveyor.swift in Sources */ = {isa = PBXBuildFile; fileRef = 5F5173AE287A7C3AD17A08D4 /* FrameConveyor.swift */; };
		B62536841DF2A608C880FB0D /* PoseioscReceiverApp.swift in Sources */ = {isa = PBXBuildFile; fileRef = 0C94CD90D3A5A05E1701624E /* PoseioscReceiverApp.swift */; };
		B70C125D152B4198118D0BC5 /* StatusBarView.swift in Sources */ = {isa = PBXBuildFile; fileRef = 4C753F2DBE254E0B9D4E9164 /* StatusBarView.swift */; };
		BB17B1076F1419C681908627 /* SettingsView.swift in Sources */ = {isa = PBXBuildFile; fileRef = D58FA0AFA66E6FB1E3FBC4E8 /* SettingsView.swift */; };
		BD31B4059C8C32542491A872 /* ContentView.swift in Sources */ = {isa = PBXBuildFile; fileRef = D4EA4ECC6AD1296481BE74D5 /* ContentView.swift */; };
		C0C9E182F6E5C8C72E330984 /* ObservationMapping.swift in Sources */ = {isa = PBXBuildFile; fileRef = 72C46715552933D1B46ACDDB /* ObservationMapping.swift */; };
		C1FA3376301748CDF2EBA491 /* BonjourBrowser.swift in Sources */ = {isa = PBXBuildFile; fileRef = AD32234237CCF1DF3E4DC10D /* BonjourBrowser.swift */; };
		DFC0EE70F29CB7637D458078 /* VisionProcessor.swift in Sources */ = {isa = PBXBuildFile; fileRef = 4BAE66E4A17EB7C970B3AAE4 /* VisionProcessor.swift */; };
		E0A698EC29ACC9B0F2ABBA9C /* ContentView.swift in Sources */ = {isa = PBXBuildFile; fileRef = 435A813DE09BC11B41C32425 /* ContentView.swift */; };
		E266BFE0C3DEB65C8F344055 /* Assets.xcassets in Resources */ = {isa = PBXBuildFile; fileRef = 609058B4E0A8B1D8D98A09E5 /* Assets.xcassets */; };
/* End PBXBuildFile section */

/* Begin PBXFileReference section */
		027F48AC580CFF2361DED0EB /* ReceiverService.swift */ = {isa = PBXFileReference; lastKnownFileType = sourcecode.swift; path = ReceiverService.swift; sourceTree = "<group>"; };
		051C58064F9637D16A9AA27E /* CameraPreviewView.swift */ = {isa = PBXFileReference; lastKnownFileType = sourcecode.swift; path = CameraPreviewView.swift; sourceTree = "<group>"; };
		08377784C32E0DF2CD1D6385 /* PoseioscReceiver.app */ = {isa = PBXFileReference; explicitFileType = wrapper.application; includeInIndex = 0; path = PoseioscReceiver.app; sourceTree = BUILT_PRODUCTS_DIR; };
		0851D9770115BCB066F17FC1 /* Assets.xcassets */ = {isa = PBXFileReference; lastKnownFileType = folder.assetcatalog; path = Assets.xcassets; sourceTree = "<group>"; };
		0C94CD90D3A5A05E1701624E /* PoseioscReceiverApp.swift */ = {isa = PBXFileReference; lastKnownFileType = sourcecode.swift; path = PoseioscReceiverApp.swift; sourceTree = "<group>"; };
		18D72A7101CBA6994AA2E15C /* SidebarView.swift */ = {isa = PBXFileReference; lastKnownFileType = sourcecode.swift; path = SidebarView.swift; sourceTree = "<group>"; };
		1EB5DF97E9A2190C8788B0AD /* Info.plist */ = {isa = PBXFileReference; lastKnownFileType = text.plist; path = Info.plist; sourceTree = "<group>"; };
		2DE9C56851F895F32C7EDE92 /* PoseioscReceiver.entitlements */ = {isa = PBXFileReference; lastKnownFileType = text.plist.entitlements; path = PoseioscReceiver.entitlements; sourceTree = "<group>"; };
		3AA33FAC53AB7B318EEEB5A8 /* PoseioscShared */ = {isa = PBXFileReference; lastKnownFileType = folder; name = PoseioscShared; path = PoseioscShared; sourceTree = SOURCE_ROOT; };
		435A813DE09BC11B41C32425 /* ContentView.swift */ = {isa = PBXFileReference; lastKnownFileType = sourcecode.swift; path = ContentView.swift; sourceTree = "<group>"; };
		4BAE66E4A17EB7C970B3AAE4 /* VisionProcessor.swift */ = {isa = PBXFileReference; lastKnownFileType = sourcecode.swift; path = VisionProcessor.swift; sourceTree = "<group>"; };
		4C5DDFD8A815238592064481 /* OverlayView.swift */ = {isa = PBXFileReference; lastKnownFileType = sourcecode.swift; path = OverlayView.swift; sourceTree = "<group>"; };
		4C753F2DBE254E0B9D4E9164 /* StatusBarView.swift */ = {isa = PBXFileReference; lastKnownFileType = sourcecode.swift; path = StatusBarView.swift; sourceTree = "<group>"; };
		4E80DC3CA255FCB01ED48A2A /* VisualizerView.swift */ = {isa = PBXFileReference; lastKnownFileType = sourcecode.swift; path = VisualizerView.swift; sourceTree = "<group>"; };
		58ADC8773ECC0906EECF2330 /* CameraManager.swift */ = {isa = PBXFileReference; lastKnownFileType = sourcecode.swift; path = CameraManager.swift; sourceTree = "<group>"; };
		5F5173AE287A7C3AD17A08D4 /* FrameConveyor.swift */ = {isa = PBXFileReference; lastKnownFileType = sourcecode.swift; path = FrameConveyor.swift; sourceTree = "<group>"; };
		609058B4E0A8B1D8D98A09E5 /* Assets.xcassets */ = {isa = PBXFileReference; lastKnownFileType = folder.assetcatalog; path = Assets.xcassets; sourceTree = "<group>"; };
		72C46715552933D1B46ACDDB /* ObservationMapping.swift */ = {isa = PBXFileReference; lastKnownFileType = sourcecode.swift; path = ObservationMapping.swift; sourceTree = "<group>"; };
		7DC6CF5A2755533C8A5EE9E2 /* Info.plist */ = {isa = PBXFileReference; lastKnownFileType = text.plist; path = Info.plist; sourceTree = "<group>"; };
		ABD5B4A62EF924964EBB0352 /* BonjourAdvertiser.swift */ = {isa = PBXFileReference; lastKnownFileType = sourcecode.swift; path = BonjourAdvertiser.swift; sourceTree = "<group>"; };
		AD32234237CCF1DF3E4DC10D /* BonjourBrowser.swift */ = {isa = PBXFileReference; lastKnownFileType = sourcecode.swift; path = BonjourBrowser.swift; sourceTree = "<group>"; };
		B5FB2579131864E3D94AE9B1 /* AppModel.swift */ = {isa = PBXFileReference; lastKnownFileType = sourcecode.swift; path = AppModel.swift; sourceTree = "<group>"; };
		BC7BCDE43645D8FC61F8EE31 /* ControlBarView.swift */ = {isa = PBXFileReference; lastKnownFileType = sourcecode.swift; path = ControlBarView.swift; sourceTree = "<group>"; };
		C7974AF4ADDE59A408B7832D /* PoseioscSender.app */ = {isa = PBXFileReference; includeInIndex = 0; lastKnownFileType = wrapper.application; path = PoseioscSender.app; sourceTree = BUILT_PRODUCTS_DIR; };
		C79D48445FD556B7E157A655 /* OSCSenderService.swift */ = {isa = PBXFileReference; lastKnownFileType = sourcecode.swift; path = OSCSenderService.swift; sourceTree = "<group>"; };
		C8954ECD2A436996A593F3D9 /* FrameKind.swift */ = {isa = PBXFileReference; lastKnownFileType = sourcecode.swift; path = FrameKind.swift; sourceTree = "<group>"; };
		CF54E13A2A7AB35B56438B53 /* PoseioscSenderApp.swift */ = {isa = PBXFileReference; lastKnownFileType = sourcecode.swift; path = PoseioscSenderApp.swift; sourceTree = "<group>"; };
		D4EA4ECC6AD1296481BE74D5 /* ContentView.swift */ = {isa = PBXFileReference; lastKnownFileType = sourcecode.swift; path = ContentView.swift; sourceTree = "<group>"; };
		D58FA0AFA66E6FB1E3FBC4E8 /* SettingsView.swift */ = {isa = PBXFileReference; lastKnownFileType = sourcecode.swift; path = SettingsView.swift; sourceTree = "<group>"; };
		EAD896DA7A3B37A6A31A3B93 /* ReceiverModel.swift */ = {isa = PBXFileReference; lastKnownFileType = sourcecode.swift; path = ReceiverModel.swift; sourceTree = "<group>"; };
		EC1226052BD29F859D94C7DA /* SettingsStore.swift */ = {isa = PBXFileReference; lastKnownFileType = sourcecode.swift; path = SettingsStore.swift; sourceTree = "<group>"; };
/* End PBXFileReference section */

/* Begin PBXFrameworksBuildPhase section */
		234C82DA9BF2F392678F7D9E /* Frameworks */ = {
			isa = PBXFrameworksBuildPhase;
			buildActionMask = 2147483647;
			files = (
				29A33A17EAEC025966EF7758 /* SwiftOSC in Frameworks */,
				6509626CCCEBB6F63208E855 /* PoseioscShared in Frameworks */,
			);
			runOnlyForDeploymentPostprocessing = 0;
		};
		5D2B6D7523315F6AA83C6111 /* Frameworks */ = {
			isa = PBXFrameworksBuildPhase;
			buildActionMask = 2147483647;
			files = (
				9E0901C5260DEEB35CEEB8C8 /* SwiftOSC in Frameworks */,
				52F5D7BF2FE148C25C873638 /* PoseioscShared in Frameworks */,
			);
			runOnlyForDeploymentPostprocessing = 0;
		};
/* End PBXFrameworksBuildPhase section */

/* Begin PBXGroup section */
		19A1D7D26E3DFA0450A5FC71 = {
			isa = PBXGroup;
			children = (
				1BED0DC15D1796B48902C5FC /* Packages */,
				D79E8A7272D10674B1B5056E /* Receiver */,
				A0149BBFB384BC4AFFC5431D /* Sender */,
				668A01BB79DC6F1EE4F0A563 /* Products */,
			);
			sourceTree = "<group>";
		};
		1BED0DC15D1796B48902C5FC /* Packages */ = {
			isa = PBXGroup;
			children = (
				3AA33FAC53AB7B318EEEB5A8 /* PoseioscShared */,
			);
			name = Packages;
			sourceTree = "<group>";
		};
		248D72B47591CDBCFD825D2A /* Views */ = {
			isa = PBXGroup;
			children = (
				051C58064F9637D16A9AA27E /* CameraPreviewView.swift */,
				D4EA4ECC6AD1296481BE74D5 /* ContentView.swift */,
				BC7BCDE43645D8FC61F8EE31 /* ControlBarView.swift */,
				4C5DDFD8A815238592064481 /* OverlayView.swift */,
				D58FA0AFA66E6FB1E3FBC4E8 /* SettingsView.swift */,
				4C753F2DBE254E0B9D4E9164 /* StatusBarView.swift */,
			);
			path = Views;
			sourceTree = "<group>";
		};
		668A01BB79DC6F1EE4F0A563 /* Products */ = {
			isa = PBXGroup;
			children = (
				08377784C32E0DF2CD1D6385 /* PoseioscReceiver.app */,
				C7974AF4ADDE59A408B7832D /* PoseioscSender.app */,
			);
			name = Products;
			sourceTree = "<group>";
		};
		A0149BBFB384BC4AFFC5431D /* Sender */ = {
			isa = PBXGroup;
			children = (
				B5FB2579131864E3D94AE9B1 /* AppModel.swift */,
				0851D9770115BCB066F17FC1 /* Assets.xcassets */,
				AD32234237CCF1DF3E4DC10D /* BonjourBrowser.swift */,
				58ADC8773ECC0906EECF2330 /* CameraManager.swift */,
				5F5173AE287A7C3AD17A08D4 /* FrameConveyor.swift */,
				1EB5DF97E9A2190C8788B0AD /* Info.plist */,
				72C46715552933D1B46ACDDB /* ObservationMapping.swift */,
				C79D48445FD556B7E157A655 /* OSCSenderService.swift */,
				CF54E13A2A7AB35B56438B53 /* PoseioscSenderApp.swift */,
				EC1226052BD29F859D94C7DA /* SettingsStore.swift */,
				4BAE66E4A17EB7C970B3AAE4 /* VisionProcessor.swift */,
				248D72B47591CDBCFD825D2A /* Views */,
			);
			path = Sender;
			sourceTree = "<group>";
		};
		CCC6C8A24071E4B38411ADFB /* Views */ = {
			isa = PBXGroup;
			children = (
				435A813DE09BC11B41C32425 /* ContentView.swift */,
				18D72A7101CBA6994AA2E15C /* SidebarView.swift */,
				4E80DC3CA255FCB01ED48A2A /* VisualizerView.swift */,
			);
			path = Views;
			sourceTree = "<group>";
		};
		D79E8A7272D10674B1B5056E /* Receiver */ = {
			isa = PBXGroup;
			children = (
				609058B4E0A8B1D8D98A09E5 /* Assets.xcassets */,
				ABD5B4A62EF924964EBB0352 /* BonjourAdvertiser.swift */,
				C8954ECD2A436996A593F3D9 /* FrameKind.swift */,
				7DC6CF5A2755533C8A5EE9E2 /* Info.plist */,
				2DE9C56851F895F32C7EDE92 /* PoseioscReceiver.entitlements */,
				0C94CD90D3A5A05E1701624E /* PoseioscReceiverApp.swift */,
				EAD896DA7A3B37A6A31A3B93 /* ReceiverModel.swift */,
				027F48AC580CFF2361DED0EB /* ReceiverService.swift */,
				CCC6C8A24071E4B38411ADFB /* Views */,
			);
			path = Receiver;
			sourceTree = "<group>";
		};
/* End PBXGroup section */

/* Begin PBXNativeTarget section */
		16A518979B61401034F44EE7 /* PoseioscSender */ = {
			isa = PBXNativeTarget;
			buildConfigurationList = 7587B5CA88C881C4864154E5 /* Build configuration list for PBXNativeTarget "PoseioscSender" */;
			buildPhases = (
				70735B47568236CADDF5D17E /* Sources */,
				C6EDC8CB1617405FF7304CA0 /* Resources */,
				234C82DA9BF2F392678F7D9E /* Frameworks */,
			);
			buildRules = (
			);
			dependencies = (
			);
			name = PoseioscSender;
			packageProductDependencies = (
				386F1ABF3E764035834C53FA /* SwiftOSC */,
				D76851E7A7A0EE66C78DA123 /* PoseioscShared */,
			);
			productName = PoseioscSender;
			productReference = C7974AF4ADDE59A408B7832D /* PoseioscSender.app */;
			productType = "com.apple.product-type.application";
		};
		D536D3EEA62BF5D5B9037B4C /* PoseioscReceiver */ = {
			isa = PBXNativeTarget;
			buildConfigurationList = 9283F2379DB4B3D069BD1C7E /* Build configuration list for PBXNativeTarget "PoseioscReceiver" */;
			buildPhases = (
				89E000938346642A0189DEBE /* Sources */,
				20F0B635D290D467C7B46382 /* Resources */,
				5D2B6D7523315F6AA83C6111 /* Frameworks */,
			);
			buildRules = (
			);
			dependencies = (
			);
			name = PoseioscReceiver;
			packageProductDependencies = (
				366E72A24DDEC84E31BF9590 /* SwiftOSC */,
				45334233CB2B6A897E6B7FA2 /* PoseioscShared */,
			);
			productName = PoseioscReceiver;
			productReference = 08377784C32E0DF2CD1D6385 /* PoseioscReceiver.app */;
			productType = "com.apple.product-type.application";
		};
/* End PBXNativeTarget section */

/* Begin PBXProject section */
		3F6D20DE34448B0D51DF7047 /* Project object */ = {
			isa = PBXProject;
			attributes = {
				BuildIndependentTargetsInParallel = YES;
				LastUpgradeCheck = 2630;
				TargetAttributes = {
					16A518979B61401034F44EE7 = {
						DevelopmentTeam = "";
						ProvisioningStyle = Automatic;
					};
					D536D3EEA62BF5D5B9037B4C = {
						DevelopmentTeam = "";
						ProvisioningStyle = Automatic;
					};
				};
			};
			buildConfigurationList = A3FFEA0E96DBA8F7E6972493 /* Build configuration list for PBXProject "Poseiosc" */;
			developmentRegion = en;
			hasScannedForEncodings = 0;
			knownRegions = (
				Base,
				en,
			);
			mainGroup = 19A1D7D26E3DFA0450A5FC71;
			minimizedProjectReferenceProxies = 1;
			packageReferences = (
				5A1136256FE8324145451DBB /* XCRemoteSwiftPackageReference "swift-osc" */,
				4D411FC148240A42F1A85167 /* XCLocalSwiftPackageReference "PoseioscShared" */,
			);
			preferredProjectObjectVersion = 77;
			productRefGroup = 668A01BB79DC6F1EE4F0A563 /* Products */;
			projectDirPath = "";
			projectRoot = "";
			targets = (
				16A518979B61401034F44EE7 /* PoseioscSender */,
				D536D3EEA62BF5D5B9037B4C /* PoseioscReceiver */,
			);
		};
/* End PBXProject section */

/* Begin PBXResourcesBuildPhase section */
		20F0B635D290D467C7B46382 /* Resources */ = {
			isa = PBXResourcesBuildPhase;
			buildActionMask = 2147483647;
			files = (
				E266BFE0C3DEB65C8F344055 /* Assets.xcassets in Resources */,
			);
			runOnlyForDeploymentPostprocessing = 0;
		};
		C6EDC8CB1617405FF7304CA0 /* Resources */ = {
			isa = PBXResourcesBuildPhase;
			buildActionMask = 2147483647;
			files = (
				8AFCF5D8F4EEB30C214E2FF1 /* Assets.xcassets in Resources */,
			);
			runOnlyForDeploymentPostprocessing = 0;
		};
/* End PBXResourcesBuildPhase section */

/* Begin PBXSourcesBuildPhase section */
		70735B47568236CADDF5D17E /* Sources */ = {
			isa = PBXSourcesBuildPhase;
			buildActionMask = 2147483647;
			files = (
				80AB005F908B39DAACA16DAD /* AppModel.swift in Sources */,
				C1FA3376301748CDF2EBA491 /* BonjourBrowser.swift in Sources */,
				A6F63E404285E20BFF53437F /* CameraManager.swift in Sources */,
				2EB74594CC6FE190F229F6D0 /* CameraPreviewView.swift in Sources */,
				BD31B4059C8C32542491A872 /* ContentView.swift in Sources */,
				411264D42BAC1BEEAD1C3669 /* ControlBarView.swift in Sources */,
				A6FF7C897CC7F66B8DF057AA /* FrameConveyor.swift in Sources */,
				8E2960ABCF02F45868B6FEED /* OSCSenderService.swift in Sources */,
				C0C9E182F6E5C8C72E330984 /* ObservationMapping.swift in Sources */,
				5923DD25203E3631D4E39757 /* OverlayView.swift in Sources */,
				8CE074223F9D626F9545DEE7 /* PoseioscSenderApp.swift in Sources */,
				5323907EAA861F2072CA3A52 /* SettingsStore.swift in Sources */,
				BB17B1076F1419C681908627 /* SettingsView.swift in Sources */,
				B70C125D152B4198118D0BC5 /* StatusBarView.swift in Sources */,
				DFC0EE70F29CB7637D458078 /* VisionProcessor.swift in Sources */,
			);
			runOnlyForDeploymentPostprocessing = 0;
		};
		89E000938346642A0189DEBE /* Sources */ = {
			isa = PBXSourcesBuildPhase;
			buildActionMask = 2147483647;
			files = (
				37B58A9B7521B082B677126F /* BonjourAdvertiser.swift in Sources */,
				E0A698EC29ACC9B0F2ABBA9C /* ContentView.swift in Sources */,
				397757A852760C8CFE721156 /* FrameKind.swift in Sources */,
				B62536841DF2A608C880FB0D /* PoseioscReceiverApp.swift in Sources */,
				6FF0C525252CE97526053799 /* ReceiverModel.swift in Sources */,
				3A3FFA5C4FFD515251977823 /* ReceiverService.swift in Sources */,
				229C30638ED51778494C2CC0 /* SidebarView.swift in Sources */,
				7124FC5DD6416D979A9CB3A5 /* VisualizerView.swift in Sources */,
			);
			runOnlyForDeploymentPostprocessing = 0;
		};
/* End PBXSourcesBuildPhase section */

/* Begin XCBuildConfiguration section */
		1F19CE754D8C986533DA8C71 /* Release */ = {
			isa = XCBuildConfiguration;
			buildSettings = {
				ASSETCATALOG_COMPILER_APPICON_NAME = AppIcon;
				CODE_SIGN_ENTITLEMENTS = Receiver/PoseioscReceiver.entitlements;
				COMBINE_HIDPI_IMAGES = YES;
				ENABLE_APP_SANDBOX = YES;
				ENABLE_HARDENED_RUNTIME = YES;
				INFOPLIST_FILE = Receiver/Info.plist;
				LD_RUNPATH_SEARCH_PATHS = (
					"$(inherited)",
					"@executable_path/../Frameworks",
				);
				PRODUCT_BUNDLE_IDENTIFIER = com.poseiosc.PoseioscReceiver;
				SDKROOT = macosx;
			};
			name = Release;
		};
		735AB3EDA887D4B51D5BC819 /* Release */ = {
			isa = XCBuildConfiguration;
			buildSettings = {
				ASSETCATALOG_COMPILER_APPICON_NAME = AppIcon;
				CODE_SIGN_IDENTITY = "iPhone Developer";
				CURRENT_PROJECT_VERSION = 1;
				INFOPLIST_FILE = Sender/Info.plist;
				INFOPLIST_KEY_UIApplicationSceneManifest_Generation = YES;
				LD_RUNPATH_SEARCH_PATHS = (
					"$(inherited)",
					"@executable_path/Frameworks",
				);
				MARKETING_VERSION = 1.0.0;
				PRODUCT_BUNDLE_IDENTIFIER = com.poseiosc.PoseioscSender;
				SDKROOT = iphoneos;
				TARGETED_DEVICE_FAMILY = 1;
			};
			name = Release;
		};
		AFC2EC2828CA1302141C883F /* Debug */ = {
			isa = XCBuildConfiguration;
			buildSettings = {
				ALWAYS_SEARCH_USER_PATHS = NO;
				ASSETCATALOG_COMPILER_GENERATE_ASSET_SYMBOL_FRAMEWORK_EXTENSIONS = YES;
				CLANG_ANALYZER_NONNULL = YES;
				CLANG_ANALYZER_NUMBER_OBJECT_CONVERSION = YES_AGGRESSIVE;
				CLANG_CXX_LANGUAGE_STANDARD = "gnu++14";
				CLANG_CXX_LIBRARY = "libc++";
				CLANG_ENABLE_MODULES = YES;
				CLANG_ENABLE_OBJC_ARC = YES;
				CLANG_ENABLE_OBJC_WEAK = YES;
				CLANG_WARN_BLOCK_CAPTURE_AUTORELEASING = YES;
				CLANG_WARN_BOOL_CONVERSION = YES;
				CLANG_WARN_COMMA = YES;
				CLANG_WARN_CONSTANT_CONVERSION = YES;
				CLANG_WARN_DEPRECATED_OBJC_IMPLEMENTATIONS = YES;
				CLANG_WARN_DIRECT_OBJC_ISA_USAGE = YES_ERROR;
				CLANG_WARN_DOCUMENTATION_COMMENTS = YES;
				CLANG_WARN_EMPTY_BODY = YES;
				CLANG_WARN_ENUM_CONVERSION = YES;
				CLANG_WARN_INFINITE_RECURSION = YES;
				CLANG_WARN_INT_CONVERSION = YES;
				CLANG_WARN_NON_LITERAL_NULL_CONVERSION = YES;
				CLANG_WARN_OBJC_IMPLICIT_RETAIN_SELF = YES;
				CLANG_WARN_OBJC_LITERAL_CONVERSION = YES;
				CLANG_WARN_OBJC_ROOT_CLASS = YES_ERROR;
				CLANG_WARN_QUOTED_INCLUDE_IN_FRAMEWORK_HEADER = YES;
				CLANG_WARN_RANGE_LOOP_ANALYSIS = YES;
				CLANG_WARN_STRICT_PROTOTYPES = YES;
				CLANG_WARN_SUSPICIOUS_MOVE = YES;
				CLANG_WARN_UNGUARDED_AVAILABILITY = YES_AGGRESSIVE;
				CLANG_WARN_UNREACHABLE_CODE = YES;
				CLANG_WARN__DUPLICATE_METHOD_MATCH = YES;
				CODE_SIGN_STYLE = Automatic;
				COPY_PHASE_STRIP = NO;
				DEAD_CODE_STRIPPING = YES;
				DEBUG_INFORMATION_FORMAT = dwarf;
				DEVELOPMENT_TEAM = "";
				ENABLE_STRICT_OBJC_MSGSEND = YES;
				ENABLE_TESTABILITY = YES;
				ENABLE_USER_SCRIPT_SANDBOXING = YES;
				GCC_C_LANGUAGE_STANDARD = gnu11;
				GCC_DYNAMIC_NO_PIC = NO;
				GCC_NO_COMMON_BLOCKS = YES;
				GCC_OPTIMIZATION_LEVEL = 0;
				GCC_PREPROCESSOR_DEFINITIONS = (
					"$(inherited)",
					"DEBUG=1",
				);
				GCC_WARN_64_TO_32_BIT_CONVERSION = YES;
				GCC_WARN_ABOUT_RETURN_TYPE = YES_ERROR;
				GCC_WARN_UNDECLARED_SELECTOR = YES;
				GCC_WARN_UNINITIALIZED_AUTOS = YES_AGGRESSIVE;
				GCC_WARN_UNUSED_FUNCTION = YES;
				GCC_WARN_UNUSED_VARIABLE = YES;
				IPHONEOS_DEPLOYMENT_TARGET = 18.0;
				MACOSX_DEPLOYMENT_TARGET = 15.0;
				MTL_ENABLE_DEBUG_INFO = INCLUDE_SOURCE;
				MTL_FAST_MATH = YES;
				ONLY_ACTIVE_ARCH = YES;
				PRODUCT_NAME = "$(TARGET_NAME)";
				STRING_CATALOG_GENERATE_SYMBOLS = YES;
				SWIFT_ACTIVE_COMPILATION_CONDITIONS = DEBUG;
				SWIFT_OPTIMIZATION_LEVEL = "-Onone";
				SWIFT_VERSION = 6.0;
			};
			name = Debug;
		};
		B1BC58AA21438B87D494F9C1 /* Debug */ = {
			isa = XCBuildConfiguration;
			buildSettings = {
				ASSETCATALOG_COMPILER_APPICON_NAME = AppIcon;
				CODE_SIGN_ENTITLEMENTS = Receiver/PoseioscReceiver.entitlements;
				COMBINE_HIDPI_IMAGES = YES;
				ENABLE_APP_SANDBOX = YES;
				ENABLE_HARDENED_RUNTIME = YES;
				INFOPLIST_FILE = Receiver/Info.plist;
				LD_RUNPATH_SEARCH_PATHS = (
					"$(inherited)",
					"@executable_path/../Frameworks",
				);
				PRODUCT_BUNDLE_IDENTIFIER = com.poseiosc.PoseioscReceiver;
				SDKROOT = macosx;
			};
			name = Debug;
		};
		C05BB85E9D0EE770DFF94C48 /* Debug */ = {
			isa = XCBuildConfiguration;
			buildSettings = {
				ASSETCATALOG_COMPILER_APPICON_NAME = AppIcon;
				CODE_SIGN_IDENTITY = "iPhone Developer";
				CURRENT_PROJECT_VERSION = 1;
				INFOPLIST_FILE = Sender/Info.plist;
				INFOPLIST_KEY_UIApplicationSceneManifest_Generation = YES;
				LD_RUNPATH_SEARCH_PATHS = (
					"$(inherited)",
					"@executable_path/Frameworks",
				);
				MARKETING_VERSION = 1.0.0;
				PRODUCT_BUNDLE_IDENTIFIER = com.poseiosc.PoseioscSender;
				SDKROOT = iphoneos;
				TARGETED_DEVICE_FAMILY = 1;
			};
			name = Debug;
		};
		CEB3E66CEF38839F618D061B /* Release */ = {
			isa = XCBuildConfiguration;
			buildSettings = {
				ALWAYS_SEARCH_USER_PATHS = NO;
				ASSETCATALOG_COMPILER_GENERATE_ASSET_SYMBOL_FRAMEWORK_EXTENSIONS = YES;
				CLANG_ANALYZER_NONNULL = YES;
				CLANG_ANALYZER_NUMBER_OBJECT_CONVERSION = YES_AGGRESSIVE;
				CLANG_CXX_LANGUAGE_STANDARD = "gnu++14";
				CLANG_CXX_LIBRARY = "libc++";
				CLANG_ENABLE_MODULES = YES;
				CLANG_ENABLE_OBJC_ARC = YES;
				CLANG_ENABLE_OBJC_WEAK = YES;
				CLANG_WARN_BLOCK_CAPTURE_AUTORELEASING = YES;
				CLANG_WARN_BOOL_CONVERSION = YES;
				CLANG_WARN_COMMA = YES;
				CLANG_WARN_CONSTANT_CONVERSION = YES;
				CLANG_WARN_DEPRECATED_OBJC_IMPLEMENTATIONS = YES;
				CLANG_WARN_DIRECT_OBJC_ISA_USAGE = YES_ERROR;
				CLANG_WARN_DOCUMENTATION_COMMENTS = YES;
				CLANG_WARN_EMPTY_BODY = YES;
				CLANG_WARN_ENUM_CONVERSION = YES;
				CLANG_WARN_INFINITE_RECURSION = YES;
				CLANG_WARN_INT_CONVERSION = YES;
				CLANG_WARN_NON_LITERAL_NULL_CONVERSION = YES;
				CLANG_WARN_OBJC_IMPLICIT_RETAIN_SELF = YES;
				CLANG_WARN_OBJC_LITERAL_CONVERSION = YES;
				CLANG_WARN_OBJC_ROOT_CLASS = YES_ERROR;
				CLANG_WARN_QUOTED_INCLUDE_IN_FRAMEWORK_HEADER = YES;
				CLANG_WARN_RANGE_LOOP_ANALYSIS = YES;
				CLANG_WARN_STRICT_PROTOTYPES = YES;
				CLANG_WARN_SUSPICIOUS_MOVE = YES;
				CLANG_WARN_UNGUARDED_AVAILABILITY = YES_AGGRESSIVE;
				CLANG_WARN_UNREACHABLE_CODE = YES;
				CLANG_WARN__DUPLICATE_METHOD_MATCH = YES;
				CODE_SIGN_STYLE = Automatic;
				COPY_PHASE_STRIP = NO;
				DEAD_CODE_STRIPPING = YES;
				DEBUG_INFORMATION_FORMAT = "dwarf-with-dsym";
				DEVELOPMENT_TEAM = "";
				ENABLE_NS_ASSERTIONS = NO;
				ENABLE_STRICT_OBJC_MSGSEND = YES;
				ENABLE_USER_SCRIPT_SANDBOXING = YES;
				GCC_C_LANGUAGE_STANDARD = gnu11;
				GCC_NO_COMMON_BLOCKS = YES;
				GCC_WARN_64_TO_32_BIT_CONVERSION = YES;
				GCC_WARN_ABOUT_RETURN_TYPE = YES_ERROR;
				GCC_WARN_UNDECLARED_SELECTOR = YES;
				GCC_WARN_UNINITIALIZED_AUTOS = YES_AGGRESSIVE;
				GCC_WARN_UNUSED_FUNCTION = YES;
				GCC_WARN_UNUSED_VARIABLE = YES;
				IPHONEOS_DEPLOYMENT_TARGET = 18.0;
				MACOSX_DEPLOYMENT_TARGET = 15.0;
				MTL_ENABLE_DEBUG_INFO = NO;
				MTL_FAST_MATH = YES;
				PRODUCT_NAME = "$(TARGET_NAME)";
				STRING_CATALOG_GENERATE_SYMBOLS = YES;
				SWIFT_COMPILATION_MODE = wholemodule;
				SWIFT_OPTIMIZATION_LEVEL = "-O";
				SWIFT_VERSION = 6.0;
			};
			name = Release;
		};
/* End XCBuildConfiguration section */

/* Begin XCConfigurationList section */
		7587B5CA88C881C4864154E5 /* Build configuration list for PBXNativeTarget "PoseioscSender" */ = {
			isa = XCConfigurationList;
			buildConfigurations = (
				C05BB85E9D0EE770DFF94C48 /* Debug */,
				735AB3EDA887D4B51D5BC819 /* Release */,
			);
			defaultConfigurationIsVisible = 0;
			defaultConfigurationName = Debug;
		};
		9283F2379DB4B3D069BD1C7E /* Build configuration list for PBXNativeTarget "PoseioscReceiver" */ = {
			isa = XCConfigurationList;
			buildConfigurations = (
				B1BC58AA21438B87D494F9C1 /* Debug */,
				1F19CE754D8C986533DA8C71 /* Release */,
			);
			defaultConfigurationIsVisible = 0;
			defaultConfigurationName = Debug;
		};
		A3FFEA0E96DBA8F7E6972493 /* Build configuration list for PBXProject "Poseiosc" */ = {
			isa = XCConfigurationList;
			buildConfigurations = (
				AFC2EC2828CA1302141C883F /* Debug */,
				CEB3E66CEF38839F618D061B /* Release */,
			);
			defaultConfigurationIsVisible = 0;
			defaultConfigurationName = Debug;
		};
/* End XCConfigurationList section */

/* Begin XCLocalSwiftPackageReference section */
		4D411FC148240A42F1A85167 /* XCLocalSwiftPackageReference "PoseioscShared" */ = {
			isa = XCLocalSwiftPackageReference;
			relativePath = PoseioscShared;
		};
/* End XCLocalSwiftPackageReference section */

/* Begin XCRemoteSwiftPackageReference section */
		5A1136256FE8324145451DBB /* XCRemoteSwiftPackageReference "swift-osc" */ = {
			isa = XCRemoteSwiftPackageReference;
			repositoryURL = "https://github.com/orchetect/swift-osc";
			requirement = {
				kind = upToNextMajorVersion;
				minimumVersion = 3.1.0;
			};
		};
/* End XCRemoteSwiftPackageReference section */

/* Begin XCSwiftPackageProductDependency section */
		366E72A24DDEC84E31BF9590 /* SwiftOSC */ = {
			isa = XCSwiftPackageProductDependency;
			package = 5A1136256FE8324145451DBB /* XCRemoteSwiftPackageReference "swift-osc" */;
			productName = SwiftOSC;
		};
		386F1ABF3E764035834C53FA /* SwiftOSC */ = {
			isa = XCSwiftPackageProductDependency;
			package = 5A1136256FE8324145451DBB /* XCRemoteSwiftPackageReference "swift-osc" */;
			productName = SwiftOSC;
		};
		45334233CB2B6A897E6B7FA2 /* PoseioscShared */ = {
			isa = XCSwiftPackageProductDependency;
			productName = PoseioscShared;
		};
		D76851E7A7A0EE66C78DA123 /* PoseioscShared */ = {
			isa = XCSwiftPackageProductDependency;
			productName = PoseioscShared;
		};
/* End XCSwiftPackageProductDependency section */
	};
	rootObject = 3F6D20DE34448B0D51DF7047 /* Project object */;
}
